// !$*UTF8*$!
{
	archiveVersion = 1;
	classes = {
	};
	objectVersion = 50;
	objects = {

/* Begin PBXBuildFile section */
		2E5410F5207F942800DB6417 /* MapPresenter.swift in Sources */ = {isa = PBXBuildFile; fileRef = 2E5410EF207F942800DB6417 /* MapPresenter.swift */; };
		2E5410F6207F942800DB6417 /* MapRouter.swift in Sources */ = {isa = PBXBuildFile; fileRef = 2E5410F0207F942800DB6417 /* MapRouter.swift */; };
		2E5410F7207F942800DB6417 /* MapViewController.swift in Sources */ = {isa = PBXBuildFile; fileRef = 2E5410F1207F942800DB6417 /* MapViewController.swift */; };
		2E5410F8207F942800DB6417 /* MapInteractor.swift in Sources */ = {isa = PBXBuildFile; fileRef = 2E5410F2207F942800DB6417 /* MapInteractor.swift */; };
		2E5410F9207F942800DB6417 /* MapModels.swift in Sources */ = {isa = PBXBuildFile; fileRef = 2E5410F3207F942800DB6417 /* MapModels.swift */; };
		2E5410FA207F942800DB6417 /* MapWorker.swift in Sources */ = {isa = PBXBuildFile; fileRef = 2E5410F4207F942800DB6417 /* MapWorker.swift */; };
		2E5410FE207FAA0600DB6417 /* R.generated.swift in Sources */ = {isa = PBXBuildFile; fileRef = 2E5410FD207FAA0600DB6417 /* R.generated.swift */; };
		2E5411012082384700DB6417 /* Map.strings in Resources */ = {isa = PBXBuildFile; fileRef = 2E5411002082384700DB6417 /* Map.strings */; };
		2E54110320888DB400DB6417 /* HospitalWorker.swift in Sources */ = {isa = PBXBuildFile; fileRef = 2E54110220888DB400DB6417 /* HospitalWorker.swift */; };
		2E5411052088930A00DB6417 /* HospitalAPI.swift in Sources */ = {isa = PBXBuildFile; fileRef = 2E5411042088930A00DB6417 /* HospitalAPI.swift */; };
		2E5411072088DFB300DB6417 /* Common.strings in Resources */ = {isa = PBXBuildFile; fileRef = 2E5411062088DFB300DB6417 /* Common.strings */; };
		2EC334B12070859C00ABA45B /* key.plist in Resources */ = {isa = PBXBuildFile; fileRef = 2EC334B02070859C00ABA45B /* key.plist */; };
		2ED7164520707DF800AB9F87 /* AppDelegate.swift in Sources */ = {isa = PBXBuildFile; fileRef = 2ED7164420707DF800AB9F87 /* AppDelegate.swift */; };
		2ED7164A20707DF800AB9F87 /* Main.storyboard in Resources */ = {isa = PBXBuildFile; fileRef = 2ED7164820707DF800AB9F87 /* Main.storyboard */; };
		2ED7164C20707DF900AB9F87 /* Assets.xcassets in Resources */ = {isa = PBXBuildFile; fileRef = 2ED7164B20707DF900AB9F87 /* Assets.xcassets */; };
		2ED7164F20707DF900AB9F87 /* LaunchScreen.storyboard in Resources */ = {isa = PBXBuildFile; fileRef = 2ED7164D20707DF900AB9F87 /* LaunchScreen.storyboard */; };
		2ED7165A20707DF900AB9F87 /* SearchHospitalTests.swift in Sources */ = {isa = PBXBuildFile; fileRef = 2ED7165920707DF900AB9F87 /* SearchHospitalTests.swift */; };
		2ED7166520707DF900AB9F87 /* SearchHospitalUITests.swift in Sources */ = {isa = PBXBuildFile; fileRef = 2ED7166420707DF900AB9F87 /* SearchHospitalUITests.swift */; };
		C3A693147A0575C9ECE238ED /* Pods_SearchHospital_Tests_SearchHospitalTests.framework in Frameworks */ = {isa = PBXBuildFile; fileRef = 217431FEEE90102ED6BCA996 /* Pods_SearchHospital_Tests_SearchHospitalTests.framework */; };
		C3C5CC6FA64200868D8932BE /* Pods_SearchHospital.framework in Frameworks */ = {isa = PBXBuildFile; fileRef = C2DE061E1E03BDA7506B4056 /* Pods_SearchHospital.framework */; };
		C48786F1D1A65557EB4A0750 /* Pods_SearchHospital_Tests_SearchHospitalUITests.framework in Frameworks */ = {isa = PBXBuildFile; fileRef = 36B5B283C7685D65EBDD3344 /* Pods_SearchHospital_Tests_SearchHospitalUITests.framework */; };
/* End PBXBuildFile section */

/* Begin PBXContainerItemProxy section */
		2ED7165620707DF900AB9F87 /* PBXContainerItemProxy */ = {
			isa = PBXContainerItemProxy;
			containerPortal = 2ED7163920707DF800AB9F87 /* Project object */;
			proxyType = 1;
			remoteGlobalIDString = 2ED7164020707DF800AB9F87;
			remoteInfo = SearchHospital;
		};
		2ED7166120707DF900AB9F87 /* PBXContainerItemProxy */ = {
			isa = PBXContainerItemProxy;
			containerPortal = 2ED7163920707DF800AB9F87 /* Project object */;
			proxyType = 1;
			remoteGlobalIDString = 2ED7164020707DF800AB9F87;
			remoteInfo = SearchHospital;
		};
/* End PBXContainerItemProxy section */

/* Begin PBXFileReference section */
		217431FEEE90102ED6BCA996 /* Pods_SearchHospital_Tests_SearchHospitalTests.framework */ = {isa = PBXFileReference; explicitFileType = wrapper.framework; includeInIndex = 0; path = Pods_SearchHospital_Tests_SearchHospitalTests.framework; sourceTree = BUILT_PRODUCTS_DIR; };
		2E5410EF207F942800DB6417 /* MapPresenter.swift */ = {isa = PBXFileReference; fileEncoding = 4; lastKnownFileType = sourcecode.swift; path = MapPresenter.swift; sourceTree = "<group>"; };
		2E5410F0207F942800DB6417 /* MapRouter.swift */ = {isa = PBXFileReference; fileEncoding = 4; lastKnownFileType = sourcecode.swift; path = MapRouter.swift; sourceTree = "<group>"; };
		2E5410F1207F942800DB6417 /* MapViewController.swift */ = {isa = PBXFileReference; fileEncoding = 4; lastKnownFileType = sourcecode.swift; path = MapViewController.swift; sourceTree = "<group>"; };
		2E5410F2207F942800DB6417 /* MapInteractor.swift */ = {isa = PBXFileReference; fileEncoding = 4; lastKnownFileType = sourcecode.swift; path = MapInteractor.swift; sourceTree = "<group>"; };
		2E5410F3207F942800DB6417 /* MapModels.swift */ = {isa = PBXFileReference; fileEncoding = 4; lastKnownFileType = sourcecode.swift; path = MapModels.swift; sourceTree = "<group>"; };
		2E5410F4207F942800DB6417 /* MapWorker.swift */ = {isa = PBXFileReference; fileEncoding = 4; lastKnownFileType = sourcecode.swift; path = MapWorker.swift; sourceTree = "<group>"; };
		2E5410FD207FAA0600DB6417 /* R.generated.swift */ = {isa = PBXFileReference; fileEncoding = 4; lastKnownFileType = sourcecode.swift; path = R.generated.swift; sourceTree = SOURCE_ROOT; };
		2E5411002082384700DB6417 /* Map.strings */ = {isa = PBXFileReference; lastKnownFileType = text.plist.strings; path = Map.strings; sourceTree = "<group>"; };
		2E54110220888DB400DB6417 /* HospitalWorker.swift */ = {isa = PBXFileReference; lastKnownFileType = sourcecode.swift; path = HospitalWorker.swift; sourceTree = "<group>"; };
		2E5411042088930A00DB6417 /* HospitalAPI.swift */ = {isa = PBXFileReference; lastKnownFileType = sourcecode.swift; path = HospitalAPI.swift; sourceTree = "<group>"; };
		2E5411062088DFB300DB6417 /* Common.strings */ = {isa = PBXFileReference; lastKnownFileType = text.plist.strings; path = Common.strings; sourceTree = "<group>"; };
		2EC334B02070859C00ABA45B /* key.plist */ = {isa = PBXFileReference; lastKnownFileType = text.plist.xml; path = key.plist; sourceTree = "<group>"; };
		2ED7164120707DF800AB9F87 /* SearchHospital.app */ = {isa = PBXFileReference; explicitFileType = wrapper.application; includeInIndex = 0; path = SearchHospital.app; sourceTree = BUILT_PRODUCTS_DIR; };
		2ED7164420707DF800AB9F87 /* AppDelegate.swift */ = {isa = PBXFileReference; lastKnownFileType = sourcecode.swift; path = AppDelegate.swift; sourceTree = "<group>"; };
		2ED7164920707DF800AB9F87 /* Base */ = {isa = PBXFileReference; lastKnownFileType = file.storyboard; name = Base; path = Base.lproj/Main.storyboard; sourceTree = "<group>"; };
		2ED7164B20707DF900AB9F87 /* Assets.xcassets */ = {isa = PBXFileReference; lastKnownFileType = folder.assetcatalog; path = Assets.xcassets; sourceTree = "<group>"; };
		2ED7164E20707DF900AB9F87 /* Base */ = {isa = PBXFileReference; lastKnownFileType = file.storyboard; name = Base; path = Base.lproj/LaunchScreen.storyboard; sourceTree = "<group>"; };
		2ED7165020707DF900AB9F87 /* Info.plist */ = {isa = PBXFileReference; lastKnownFileType = text.plist.xml; path = Info.plist; sourceTree = "<group>"; };
		2ED7165520707DF900AB9F87 /* SearchHospitalTests.xctest */ = {isa = PBXFileReference; explicitFileType = wrapper.cfbundle; includeInIndex = 0; path = SearchHospitalTests.xctest; sourceTree = BUILT_PRODUCTS_DIR; };
		2ED7165920707DF900AB9F87 /* SearchHospitalTests.swift */ = {isa = PBXFileReference; lastKnownFileType = sourcecode.swift; path = SearchHospitalTests.swift; sourceTree = "<group>"; };
		2ED7165B20707DF900AB9F87 /* Info.plist */ = {isa = PBXFileReference; lastKnownFileType = text.plist.xml; path = Info.plist; sourceTree = "<group>"; };
		2ED7166020707DF900AB9F87 /* SearchHospitalUITests.xctest */ = {isa = PBXFileReference; explicitFileType = wrapper.cfbundle; includeInIndex = 0; path = SearchHospitalUITests.xctest; sourceTree = BUILT_PRODUCTS_DIR; };
		2ED7166420707DF900AB9F87 /* SearchHospitalUITests.swift */ = {isa = PBXFileReference; lastKnownFileType = sourcecode.swift; path = SearchHospitalUITests.swift; sourceTree = "<group>"; };
		2ED7166620707DF900AB9F87 /* Info.plist */ = {isa = PBXFileReference; lastKnownFileType = text.plist.xml; path = Info.plist; sourceTree = "<group>"; };
		36B5B283C7685D65EBDD3344 /* Pods_SearchHospital_Tests_SearchHospitalUITests.framework */ = {isa = PBXFileReference; explicitFileType = wrapper.framework; includeInIndex = 0; path = Pods_SearchHospital_Tests_SearchHospitalUITests.framework; sourceTree = BUILT_PRODUCTS_DIR; };
		6BF5F6E42611D44B1372A565 /* Pods-SearchHospital-Tests-SearchHospitalUITests.release.xcconfig */ = {isa = PBXFileReference; includeInIndex = 1; lastKnownFileType = text.xcconfig; name = "Pods-SearchHospital-Tests-SearchHospitalUITests.release.xcconfig"; path = "Pods/Target Support Files/Pods-SearchHospital-Tests-SearchHospitalUITests/Pods-SearchHospital-Tests-SearchHospitalUITests.release.xcconfig"; sourceTree = "<group>"; };
		6CE3A471C7E0CC0ED2AEC7CB /* Pods-SearchHospital-Tests-SearchHospitalTests.release.xcconfig */ = {isa = PBXFileReference; includeInIndex = 1; lastKnownFileType = text.xcconfig; name = "Pods-SearchHospital-Tests-SearchHospitalTests.release.xcconfig"; path = "Pods/Target Support Files/Pods-SearchHospital-Tests-SearchHospitalTests/Pods-SearchHospital-Tests-SearchHospitalTests.release.xcconfig"; sourceTree = "<group>"; };
		7B77CEA6D4B6C5A5BB92C1FF /* Pods-SearchHospital.release.xcconfig */ = {isa = PBXFileReference; includeInIndex = 1; lastKnownFileType = text.xcconfig; name = "Pods-SearchHospital.release.xcconfig"; path = "Pods/Target Support Files/Pods-SearchHospital/Pods-SearchHospital.release.xcconfig"; sourceTree = "<group>"; };
		8121320BD869358FEF3D4A34 /* Pods-SearchHospital-Tests-SearchHospitalUITests.debug.xcconfig */ = {isa = PBXFileReference; includeInIndex = 1; lastKnownFileType = text.xcconfig; name = "Pods-SearchHospital-Tests-SearchHospitalUITests.debug.xcconfig"; path = "Pods/Target Support Files/Pods-SearchHospital-Tests-SearchHospitalUITests/Pods-SearchHospital-Tests-SearchHospitalUITests.debug.xcconfig"; sourceTree = "<group>"; };
		B024837FBB7E5FAD0245D874 /* Pods-SearchHospital-Tests-SearchHospitalTests.debug.xcconfig */ = {isa = PBXFileReference; includeInIndex = 1; lastKnownFileType = text.xcconfig; name = "Pods-SearchHospital-Tests-SearchHospitalTests.debug.xcconfig"; path = "Pods/Target Support Files/Pods-SearchHospital-Tests-SearchHospitalTests/Pods-SearchHospital-Tests-SearchHospitalTests.debug.xcconfig"; sourceTree = "<group>"; };
		B4DBD6B09D197F6E2DDC3D2C /* Pods-SearchHospital.debug.xcconfig */ = {isa = PBXFileReference; includeInIndex = 1; lastKnownFileType = text.xcconfig; name = "Pods-SearchHospital.debug.xcconfig"; path = "Pods/Target Support Files/Pods-SearchHospital/Pods-SearchHospital.debug.xcconfig"; sourceTree = "<group>"; };
		C2DE061E1E03BDA7506B4056 /* Pods_SearchHospital.framework */ = {isa = PBXFileReference; explicitFileType = wrapper.framework; includeInIndex = 0; path = Pods_SearchHospital.framework; sourceTree = BUILT_PRODUCTS_DIR; };
/* End PBXFileReference section */

/* Begin PBXFrameworksBuildPhase section */
		2ED7163E20707DF800AB9F87 /* Frameworks */ = {
			isa = PBXFrameworksBuildPhase;
			buildActionMask = 2147483647;
			files = (
				C3C5CC6FA64200868D8932BE /* Pods_SearchHospital.framework in Frameworks */,
			);
			runOnlyForDeploymentPostprocessing = 0;
		};
		2ED7165220707DF900AB9F87 /* Frameworks */ = {
			isa = PBXFrameworksBuildPhase;
			buildActionMask = 2147483647;
			files = (
				C3A693147A0575C9ECE238ED /* Pods_SearchHospital_Tests_SearchHospitalTests.framework in Frameworks */,
			);
			runOnlyForDeploymentPostprocessing = 0;
		};
		2ED7165D20707DF900AB9F87 /* Frameworks */ = {
			isa = PBXFrameworksBuildPhase;
			buildActionMask = 2147483647;
			files = (
				C48786F1D1A65557EB4A0750 /* Pods_SearchHospital_Tests_SearchHospitalUITests.framework in Frameworks */,
			);
			runOnlyForDeploymentPostprocessing = 0;
		};
/* End PBXFrameworksBuildPhase section */

/* Begin PBXGroup section */
		2E5410E9207EF08A00DB6417 /* Services */ = {
			isa = PBXGroup;
			children = (
				2E5411042088930A00DB6417 /* HospitalAPI.swift */,
			);
			path = Services;
			sourceTree = "<group>";
		};
		2E5410EA207EF09100DB6417 /* Workers */ = {
			isa = PBXGroup;
			children = (
				2E54110220888DB400DB6417 /* HospitalWorker.swift */,
			);
			path = Workers;
			sourceTree = "<group>";
		};
		2E5410EB207EF09800DB6417 /* Scenes */ = {
			isa = PBXGroup;
			children = (
				2E5410EE207F93D400DB6417 /* Map */,
			);
			path = Scenes;
			sourceTree = "<group>";
		};
		2E5410EC207EF0A100DB6417 /* Views */ = {
			isa = PBXGroup;
			children = (
			);
			path = Views;
			sourceTree = "<group>";
		};
		2E5410ED207EF0A600DB6417 /* Models */ = {
			isa = PBXGroup;
			children = (
			);
			path = Models;
			sourceTree = "<group>";
		};
		2E5410EE207F93D400DB6417 /* Map */ = {
			isa = PBXGroup;
			children = (
				2E5410F2207F942800DB6417 /* MapInteractor.swift */,
				2E5410F3207F942800DB6417 /* MapModels.swift */,
				2E5410EF207F942800DB6417 /* MapPresenter.swift */,
				2E5410F0207F942800DB6417 /* MapRouter.swift */,
				2E5410F1207F942800DB6417 /* MapViewController.swift */,
				2E5410F4207F942800DB6417 /* MapWorker.swift */,
			);
			path = Map;
			sourceTree = "<group>";
		};
		2E5410FF2082381B00DB6417 /* Resources */ = {
			isa = PBXGroup;
			children = (
				2E5411002082384700DB6417 /* Map.strings */,
				2E5411062088DFB300DB6417 /* Common.strings */,
			);
			path = Resources;
			sourceTree = "<group>";
		};
		2ED7163820707DF800AB9F87 = {
			isa = PBXGroup;
			children = (
				2ED7164320707DF800AB9F87 /* SearchHospital */,
				2ED7165820707DF900AB9F87 /* SearchHospitalTests */,
				2ED7166320707DF900AB9F87 /* SearchHospitalUITests */,
				2ED7164220707DF800AB9F87 /* Products */,
				F8E7435849F5C9D4138D8837 /* Pods */,
				FC784408EFA3C56137200C33 /* Frameworks */,
			);
			sourceTree = "<group>";
		};
		2ED7164220707DF800AB9F87 /* Products */ = {
			isa = PBXGroup;
			children = (
				2ED7164120707DF800AB9F87 /* SearchHospital.app */,
				2ED7165520707DF900AB9F87 /* SearchHospitalTests.xctest */,
				2ED7166020707DF900AB9F87 /* SearchHospitalUITests.xctest */,
			);
			name = Products;
			sourceTree = "<group>";
		};
		2ED7164320707DF800AB9F87 /* SearchHospital */ = {
			isa = PBXGroup;
			children = (
				2E5410ED207EF0A600DB6417 /* Models */,
				2E5410EB207EF09800DB6417 /* Scenes */,
				2E5410E9207EF08A00DB6417 /* Services */,
				2E5410EC207EF0A100DB6417 /* Views */,
				2E5410EA207EF09100DB6417 /* Workers */,
				2E5410FF2082381B00DB6417 /* Resources */,
				2ED7164420707DF800AB9F87 /* AppDelegate.swift */,
				2E5410FD207FAA0600DB6417 /* R.generated.swift */,
				2ED7164820707DF800AB9F87 /* Main.storyboard */,
				2ED7164B20707DF900AB9F87 /* Assets.xcassets */,
				2ED7164D20707DF900AB9F87 /* LaunchScreen.storyboard */,
				2ED7165020707DF900AB9F87 /* Info.plist */,
				2EC334B02070859C00ABA45B /* key.plist */,
			);
			path = SearchHospital;
			sourceTree = "<group>";
		};
		2ED7165820707DF900AB9F87 /* SearchHospitalTests */ = {
			isa = PBXGroup;
			children = (
				2ED7165920707DF900AB9F87 /* SearchHospitalTests.swift */,
				2ED7165B20707DF900AB9F87 /* Info.plist */,
			);
			path = SearchHospitalTests;
			sourceTree = "<group>";
		};
		2ED7166320707DF900AB9F87 /* SearchHospitalUITests */ = {
			isa = PBXGroup;
			children = (
				2ED7166420707DF900AB9F87 /* SearchHospitalUITests.swift */,
				2ED7166620707DF900AB9F87 /* Info.plist */,
			);
			path = SearchHospitalUITests;
			sourceTree = "<group>";
		};
		F8E7435849F5C9D4138D8837 /* Pods */ = {
			isa = PBXGroup;
			children = (
				B4DBD6B09D197F6E2DDC3D2C /* Pods-SearchHospital.debug.xcconfig */,
				7B77CEA6D4B6C5A5BB92C1FF /* Pods-SearchHospital.release.xcconfig */,
				B024837FBB7E5FAD0245D874 /* Pods-SearchHospital-Tests-SearchHospitalTests.debug.xcconfig */,
				6CE3A471C7E0CC0ED2AEC7CB /* Pods-SearchHospital-Tests-SearchHospitalTests.release.xcconfig */,
				8121320BD869358FEF3D4A34 /* Pods-SearchHospital-Tests-SearchHospitalUITests.debug.xcconfig */,
				6BF5F6E42611D44B1372A565 /* Pods-SearchHospital-Tests-SearchHospitalUITests.release.xcconfig */,
			);
			name = Pods;
			sourceTree = "<group>";
		};
		FC784408EFA3C56137200C33 /* Frameworks */ = {
			isa = PBXGroup;
			children = (
				C2DE061E1E03BDA7506B4056 /* Pods_SearchHospital.framework */,
				217431FEEE90102ED6BCA996 /* Pods_SearchHospital_Tests_SearchHospitalTests.framework */,
				36B5B283C7685D65EBDD3344 /* Pods_SearchHospital_Tests_SearchHospitalUITests.framework */,
			);
			name = Frameworks;
			sourceTree = "<group>";
		};
/* End PBXGroup section */

/* Begin PBXNativeTarget section */
		2ED7164020707DF800AB9F87 /* SearchHospital */ = {
			isa = PBXNativeTarget;
			buildConfigurationList = 2ED7166920707DF900AB9F87 /* Build configuration list for PBXNativeTarget "SearchHospital" */;
			buildPhases = (
				CEE01E7B463CC045F603C6B0 /* [CP] Check Pods Manifest.lock */,
				2ED7163D20707DF800AB9F87 /* Sources */,
				2ED7163E20707DF800AB9F87 /* Frameworks */,
				2ED7163F20707DF800AB9F87 /* Resources */,
				F8129EE372F6A53768F14519 /* [CP] Embed Pods Frameworks */,
				50B2BF1E033FD2A5A360ACA7 /* [CP] Copy Pods Resources */,
				2E5410FB207F9CCD00DB6417 /* ShellScript */,
				2E5410FC207FA81500DB6417 /* ShellScript */,
			);
			buildRules = (
			);
			dependencies = (
			);
			name = SearchHospital;
			productName = SearchHospital;
			productReference = 2ED7164120707DF800AB9F87 /* SearchHospital.app */;
			productType = "com.apple.product-type.application";
		};
		2ED7165420707DF900AB9F87 /* SearchHospitalTests */ = {
			isa = PBXNativeTarget;
			buildConfigurationList = 2ED7166C20707DF900AB9F87 /* Build configuration list for PBXNativeTarget "SearchHospitalTests" */;
			buildPhases = (
				517DE1B78755DA6B6AE3448D /* [CP] Check Pods Manifest.lock */,
				2ED7165120707DF900AB9F87 /* Sources */,
				2ED7165220707DF900AB9F87 /* Frameworks */,
				2ED7165320707DF900AB9F87 /* Resources */,
				D6DF6417BC605BD827CCE5F8 /* [CP] Embed Pods Frameworks */,
				FEDF4A54F8DC6ED9B4F2F86F /* [CP] Copy Pods Resources */,
			);
			buildRules = (
			);
			dependencies = (
				2ED7165720707DF900AB9F87 /* PBXTargetDependency */,
			);
			name = SearchHospitalTests;
			productName = SearchHospitalTests;
			productReference = 2ED7165520707DF900AB9F87 /* SearchHospitalTests.xctest */;
			productType = "com.apple.product-type.bundle.unit-test";
		};
		2ED7165F20707DF900AB9F87 /* SearchHospitalUITests */ = {
			isa = PBXNativeTarget;
			buildConfigurationList = 2ED7166F20707DF900AB9F87 /* Build configuration list for PBXNativeTarget "SearchHospitalUITests" */;
			buildPhases = (
				805B89EF6D5AD425AB3598AE /* [CP] Check Pods Manifest.lock */,
				2ED7165C20707DF900AB9F87 /* Sources */,
				2ED7165D20707DF900AB9F87 /* Frameworks */,
				2ED7165E20707DF900AB9F87 /* Resources */,
				2902CF7EA6D17BF12F1AB2CB /* [CP] Embed Pods Frameworks */,
				57919FB70F1A0A130C634071 /* [CP] Copy Pods Resources */,
			);
			buildRules = (
			);
			dependencies = (
				2ED7166220707DF900AB9F87 /* PBXTargetDependency */,
			);
			name = SearchHospitalUITests;
			productName = SearchHospitalUITests;
			productReference = 2ED7166020707DF900AB9F87 /* SearchHospitalUITests.xctest */;
			productType = "com.apple.product-type.bundle.ui-testing";
		};
/* End PBXNativeTarget section */

/* Begin PBXProject section */
		2ED7163920707DF800AB9F87 /* Project object */ = {
			isa = PBXProject;
			attributes = {
				LastSwiftUpdateCheck = 0930;
				LastUpgradeCheck = 0930;
				ORGANIZATIONNAME = "Takahiro Kato";
				TargetAttributes = {
					2ED7164020707DF800AB9F87 = {
						CreatedOnToolsVersion = 9.3;
					};
					2ED7165420707DF900AB9F87 = {
						CreatedOnToolsVersion = 9.3;
						TestTargetID = 2ED7164020707DF800AB9F87;
					};
					2ED7165F20707DF900AB9F87 = {
						CreatedOnToolsVersion = 9.3;
						TestTargetID = 2ED7164020707DF800AB9F87;
					};
				};
			};
			buildConfigurationList = 2ED7163C20707DF800AB9F87 /* Build configuration list for PBXProject "SearchHospital" */;
			compatibilityVersion = "Xcode 9.3";
			developmentRegion = en;
			hasScannedForEncodings = 0;
			knownRegions = (
				en,
				Base,
			);
			mainGroup = 2ED7163820707DF800AB9F87;
			productRefGroup = 2ED7164220707DF800AB9F87 /* Products */;
			projectDirPath = "";
			projectRoot = "";
			targets = (
				2ED7164020707DF800AB9F87 /* SearchHospital */,
				2ED7165420707DF900AB9F87 /* SearchHospitalTests */,
				2ED7165F20707DF900AB9F87 /* SearchHospitalUITests */,
			);
		};
/* End PBXProject section */

/* Begin PBXResourcesBuildPhase section */
		2ED7163F20707DF800AB9F87 /* Resources */ = {
			isa = PBXResourcesBuildPhase;
			buildActionMask = 2147483647;
			files = (
				2EC334B12070859C00ABA45B /* key.plist in Resources */,
				2ED7164F20707DF900AB9F87 /* LaunchScreen.storyboard in Resources */,
				2ED7164C20707DF900AB9F87 /* Assets.xcassets in Resources */,
				2ED7164A20707DF800AB9F87 /* Main.storyboard in Resources */,
				2E5411012082384700DB6417 /* Map.strings in Resources */,
				2E5411072088DFB300DB6417 /* Common.strings in Resources */,
			);
			runOnlyForDeploymentPostprocessing = 0;
		};
		2ED7165320707DF900AB9F87 /* Resources */ = {
			isa = PBXResourcesBuildPhase;
			buildActionMask = 2147483647;
			files = (
			);
			runOnlyForDeploymentPostprocessing = 0;
		};
		2ED7165E20707DF900AB9F87 /* Resources */ = {
			isa = PBXResourcesBuildPhase;
			buildActionMask = 2147483647;
			files = (
			);
			runOnlyForDeploymentPostprocessing = 0;
		};
/* End PBXResourcesBuildPhase section */

/* Begin PBXShellScriptBuildPhase section */
		2902CF7EA6D17BF12F1AB2CB /* [CP] Embed Pods Frameworks */ = {
			isa = PBXShellScriptBuildPhase;
			buildActionMask = 2147483647;
			files = (
			);
			inputPaths = (
				"${SRCROOT}/Pods/Target Support Files/Pods-SearchHospital-Tests-SearchHospitalUITests/Pods-SearchHospital-Tests-SearchHospitalUITests-frameworks.sh",
				"${BUILT_PRODUCTS_DIR}/Alamofire/Alamofire.framework",
				"${BUILT_PRODUCTS_DIR}/Moya/Moya.framework",
				"${BUILT_PRODUCTS_DIR}/PromiseKit/PromiseKit.framework",
				"${BUILT_PRODUCTS_DIR}/R.swift.Library/Rswift.framework",
				"${BUILT_PRODUCTS_DIR}/Result/Result.framework",
				"${BUILT_PRODUCTS_DIR}/SwiftyJSON/SwiftyJSON.framework",
			);
			name = "[CP] Embed Pods Frameworks";
			outputPaths = (
				"${TARGET_BUILD_DIR}/${FRAMEWORKS_FOLDER_PATH}/Alamofire.framework",
				"${TARGET_BUILD_DIR}/${FRAMEWORKS_FOLDER_PATH}/Moya.framework",
				"${TARGET_BUILD_DIR}/${FRAMEWORKS_FOLDER_PATH}/PromiseKit.framework",
				"${TARGET_BUILD_DIR}/${FRAMEWORKS_FOLDER_PATH}/Rswift.framework",
				"${TARGET_BUILD_DIR}/${FRAMEWORKS_FOLDER_PATH}/Result.framework",
				"${TARGET_BUILD_DIR}/${FRAMEWORKS_FOLDER_PATH}/SwiftyJSON.framework",
			);
			runOnlyForDeploymentPostprocessing = 0;
			shellPath = /bin/sh;
			shellScript = "\"${SRCROOT}/Pods/Target Support Files/Pods-SearchHospital-Tests-SearchHospitalUITests/Pods-SearchHospital-Tests-SearchHospitalUITests-frameworks.sh\"\n";
			showEnvVarsInLog = 0;
		};
		2E5410FB207F9CCD00DB6417 /* ShellScript */ = {
			isa = PBXShellScriptBuildPhase;
			buildActionMask = 2147483647;
			files = (
			);
			inputPaths = (
			);
			outputPaths = (
			);
			runOnlyForDeploymentPostprocessing = 0;
			shellPath = /bin/sh;
			shellScript = "if which swiftlint >/dev/null; then\nswiftlint autocorrect\nswiftlint\nelse\necho \"SwiftLint does not exist, download from https://github.com/realm/SwiftLint\"\nfi";
		};
		2E5410FC207FA81500DB6417 /* ShellScript */ = {
			isa = PBXShellScriptBuildPhase;
			buildActionMask = 2147483647;
			files = (
			);
			inputPaths = (
			);
			outputPaths = (
			);
			runOnlyForDeploymentPostprocessing = 0;
			shellPath = /bin/sh;
			shellScript = "\"$PODS_ROOT/R.swift/rswift\" generate \"$SRCROOT\"";
		};
		50B2BF1E033FD2A5A360ACA7 /* [CP] Copy Pods Resources */ = {
			isa = PBXShellScriptBuildPhase;
			buildActionMask = 2147483647;
			files = (
			);
			inputPaths = (
				"${SRCROOT}/Pods/Target Support Files/Pods-SearchHospital/Pods-SearchHospital-resources.sh",
				"${PODS_ROOT}/GoogleMaps/Maps/Frameworks/GoogleMaps.framework/Resources/GoogleMaps.bundle",
				"${PODS_ROOT}/GooglePlacePicker/Frameworks/GooglePlacePicker.framework/Resources/GooglePlacePicker.bundle",
				"${PODS_ROOT}/GooglePlaces/Frameworks/GooglePlaces.framework/Resources/GooglePlaces.bundle",
			);
			name = "[CP] Copy Pods Resources";
			outputPaths = (
				"${TARGET_BUILD_DIR}/${UNLOCALIZED_RESOURCES_FOLDER_PATH}/GoogleMaps.bundle",
				"${TARGET_BUILD_DIR}/${UNLOCALIZED_RESOURCES_FOLDER_PATH}/GooglePlacePicker.bundle",
				"${TARGET_BUILD_DIR}/${UNLOCALIZED_RESOURCES_FOLDER_PATH}/GooglePlaces.bundle",
			);
			runOnlyForDeploymentPostprocessing = 0;
			shellPath = /bin/sh;
			shellScript = "\"${SRCROOT}/Pods/Target Support Files/Pods-SearchHospital/Pods-SearchHospital-resources.sh\"\n";
			showEnvVarsInLog = 0;
		};
		517DE1B78755DA6B6AE3448D /* [CP] Check Pods Manifest.lock */ = {
			isa = PBXShellScriptBuildPhase;
			buildActionMask = 2147483647;
			files = (
			);
			inputPaths = (
				"${PODS_PODFILE_DIR_PATH}/Podfile.lock",
				"${PODS_ROOT}/Manifest.lock",
			);
			name = "[CP] Check Pods Manifest.lock";
			outputPaths = (
				"$(DERIVED_FILE_DIR)/Pods-SearchHospital-Tests-SearchHospitalTests-checkManifestLockResult.txt",
			);
			runOnlyForDeploymentPostprocessing = 0;
			shellPath = /bin/sh;
			shellScript = "diff \"${PODS_PODFILE_DIR_PATH}/Podfile.lock\" \"${PODS_ROOT}/Manifest.lock\" > /dev/null\nif [ $? != 0 ] ; then\n    # print error to STDERR\n    echo \"error: The sandbox is not in sync with the Podfile.lock. Run 'pod install' or update your CocoaPods installation.\" >&2\n    exit 1\nfi\n# This output is used by Xcode 'outputs' to avoid re-running this script phase.\necho \"SUCCESS\" > \"${SCRIPT_OUTPUT_FILE_0}\"\n";
			showEnvVarsInLog = 0;
		};
		57919FB70F1A0A130C634071 /* [CP] Copy Pods Resources */ = {
			isa = PBXShellScriptBuildPhase;
			buildActionMask = 2147483647;
			files = (
			);
			inputPaths = (
				"${SRCROOT}/Pods/Target Support Files/Pods-SearchHospital-Tests-SearchHospitalUITests/Pods-SearchHospital-Tests-SearchHospitalUITests-resources.sh",
				"${PODS_ROOT}/GoogleMaps/Maps/Frameworks/GoogleMaps.framework/Resources/GoogleMaps.bundle",
				"${PODS_ROOT}/GooglePlacePicker/Frameworks/GooglePlacePicker.framework/Resources/GooglePlacePicker.bundle",
				"${PODS_ROOT}/GooglePlaces/Frameworks/GooglePlaces.framework/Resources/GooglePlaces.bundle",
			);
			name = "[CP] Copy Pods Resources";
			outputPaths = (
				"${TARGET_BUILD_DIR}/${UNLOCALIZED_RESOURCES_FOLDER_PATH}/GoogleMaps.bundle",
				"${TARGET_BUILD_DIR}/${UNLOCALIZED_RESOURCES_FOLDER_PATH}/GooglePlacePicker.bundle",
				"${TARGET_BUILD_DIR}/${UNLOCALIZED_RESOURCES_FOLDER_PATH}/GooglePlaces.bundle",
			);
			runOnlyForDeploymentPostprocessing = 0;
			shellPath = /bin/sh;
			shellScript = "\"${SRCROOT}/Pods/Target Support Files/Pods-SearchHospital-Tests-SearchHospitalUITests/Pods-SearchHospital-Tests-SearchHospitalUITests-resources.sh\"\n";
			showEnvVarsInLog = 0;
		};
		805B89EF6D5AD425AB3598AE /* [CP] Check Pods Manifest.lock */ = {
			isa = PBXShellScriptBuildPhase;
			buildActionMask = 2147483647;
			files = (
			);
			inputPaths = (
				"${PODS_PODFILE_DIR_PATH}/Podfile.lock",
				"${PODS_ROOT}/Manifest.lock",
			);
			name = "[CP] Check Pods Manifest.lock";
			outputPaths = (
				"$(DERIVED_FILE_DIR)/Pods-SearchHospital-Tests-SearchHospitalUITests-checkManifestLockResult.txt",
			);
			runOnlyForDeploymentPostprocessing = 0;
			shellPath = /bin/sh;
			shellScript = "diff \"${PODS_PODFILE_DIR_PATH}/Podfile.lock\" \"${PODS_ROOT}/Manifest.lock\" > /dev/null\nif [ $? != 0 ] ; then\n    # print error to STDERR\n    echo \"error: The sandbox is not in sync with the Podfile.lock. Run 'pod install' or update your CocoaPods installation.\" >&2\n    exit 1\nfi\n# This output is used by Xcode 'outputs' to avoid re-running this script phase.\necho \"SUCCESS\" > \"${SCRIPT_OUTPUT_FILE_0}\"\n";
			showEnvVarsInLog = 0;
		};
		CEE01E7B463CC045F603C6B0 /* [CP] Check Pods Manifest.lock */ = {
			isa = PBXShellScriptBuildPhase;
			buildActionMask = 2147483647;
			files = (
			);
			inputPaths = (
				"${PODS_PODFILE_DIR_PATH}/Podfile.lock",
				"${PODS_ROOT}/Manifest.lock",
			);
			name = "[CP] Check Pods Manifest.lock";
			outputPaths = (
				"$(DERIVED_FILE_DIR)/Pods-SearchHospital-checkManifestLockResult.txt",
			);
			runOnlyForDeploymentPostprocessing = 0;
			shellPath = /bin/sh;
			shellScript = "diff \"${PODS_PODFILE_DIR_PATH}/Podfile.lock\" \"${PODS_ROOT}/Manifest.lock\" > /dev/null\nif [ $? != 0 ] ; then\n    # print error to STDERR\n    echo \"error: The sandbox is not in sync with the Podfile.lock. Run 'pod install' or update your CocoaPods installation.\" >&2\n    exit 1\nfi\n# This output is used by Xcode 'outputs' to avoid re-running this script phase.\necho \"SUCCESS\" > \"${SCRIPT_OUTPUT_FILE_0}\"\n";
			showEnvVarsInLog = 0;
		};
		D6DF6417BC605BD827CCE5F8 /* [CP] Embed Pods Frameworks */ = {
			isa = PBXShellScriptBuildPhase;
			buildActionMask = 2147483647;
			files = (
			);
			inputPaths = (
				"${SRCROOT}/Pods/Target Support Files/Pods-SearchHospital-Tests-SearchHospitalTests/Pods-SearchHospital-Tests-SearchHospitalTests-frameworks.sh",
				"${BUILT_PRODUCTS_DIR}/Alamofire/Alamofire.framework",
				"${BUILT_PRODUCTS_DIR}/Moya/Moya.framework",
				"${BUILT_PRODUCTS_DIR}/PromiseKit/PromiseKit.framework",
				"${BUILT_PRODUCTS_DIR}/R.swift.Library/Rswift.framework",
				"${BUILT_PRODUCTS_DIR}/Result/Result.framework",
				"${BUILT_PRODUCTS_DIR}/SwiftyJSON/SwiftyJSON.framework",
			);
			name = "[CP] Embed Pods Frameworks";
			outputPaths = (
				"${TARGET_BUILD_DIR}/${FRAMEWORKS_FOLDER_PATH}/Alamofire.framework",
				"${TARGET_BUILD_DIR}/${FRAMEWORKS_FOLDER_PATH}/Moya.framework",
				"${TARGET_BUILD_DIR}/${FRAMEWORKS_FOLDER_PATH}/PromiseKit.framework",
				"${TARGET_BUILD_DIR}/${FRAMEWORKS_FOLDER_PATH}/Rswift.framework",
				"${TARGET_BUILD_DIR}/${FRAMEWORKS_FOLDER_PATH}/Result.framework",
				"${TARGET_BUILD_DIR}/${FRAMEWORKS_FOLDER_PATH}/SwiftyJSON.framework",
			);
			runOnlyForDeploymentPostprocessing = 0;
			shellPath = /bin/sh;
			shellScript = "\"${SRCROOT}/Pods/Target Support Files/Pods-SearchHospital-Tests-SearchHospitalTests/Pods-SearchHospital-Tests-SearchHospitalTests-frameworks.sh\"\n";
			showEnvVarsInLog = 0;
		};
		F8129EE372F6A53768F14519 /* [CP] Embed Pods Frameworks */ = {
			isa = PBXShellScriptBuildPhase;
			buildActionMask = 2147483647;
			files = (
			);
			inputPaths = (
				"${SRCROOT}/Pods/Target Support Files/Pods-SearchHospital/Pods-SearchHospital-frameworks.sh",
				"${BUILT_PRODUCTS_DIR}/Alamofire/Alamofire.framework",
				"${BUILT_PRODUCTS_DIR}/Moya/Moya.framework",
				"${BUILT_PRODUCTS_DIR}/PromiseKit/PromiseKit.framework",
				"${BUILT_PRODUCTS_DIR}/R.swift.Library/Rswift.framework",
				"${BUILT_PRODUCTS_DIR}/Result/Result.framework",
				"${BUILT_PRODUCTS_DIR}/SwiftyJSON/SwiftyJSON.framework",
			);
			name = "[CP] Embed Pods Frameworks";
			outputPaths = (
				"${TARGET_BUILD_DIR}/${FRAMEWORKS_FOLDER_PATH}/Alamofire.framework",
				"${TARGET_BUILD_DIR}/${FRAMEWORKS_FOLDER_PATH}/Moya.framework",
				"${TARGET_BUILD_DIR}/${FRAMEWORKS_FOLDER_PATH}/PromiseKit.framework",
				"${TARGET_BUILD_DIR}/${FRAMEWORKS_FOLDER_PATH}/Rswift.framework",
				"${TARGET_BUILD_DIR}/${FRAMEWORKS_FOLDER_PATH}/Result.framework",
				"${TARGET_BUILD_DIR}/${FRAMEWORKS_FOLDER_PATH}/SwiftyJSON.framework",
			);
			runOnlyForDeploymentPostprocessing = 0;
			shellPath = /bin/sh;
			shellScript = "\"${SRCROOT}/Pods/Target Support Files/Pods-SearchHospital/Pods-SearchHospital-frameworks.sh\"\n";
			showEnvVarsInLog = 0;
		};
		FEDF4A54F8DC6ED9B4F2F86F /* [CP] Copy Pods Resources */ = {
			isa = PBXShellScriptBuildPhase;
			buildActionMask = 2147483647;
			files = (
			);
			inputPaths = (
				"${SRCROOT}/Pods/Target Support Files/Pods-SearchHospital-Tests-SearchHospitalTests/Pods-SearchHospital-Tests-SearchHospitalTests-resources.sh",
				"${PODS_ROOT}/GoogleMaps/Maps/Frameworks/GoogleMaps.framework/Resources/GoogleMaps.bundle",
				"${PODS_ROOT}/GooglePlacePicker/Frameworks/GooglePlacePicker.framework/Resources/GooglePlacePicker.bundle",
				"${PODS_ROOT}/GooglePlaces/Frameworks/GooglePlaces.framework/Resources/GooglePlaces.bundle",
			);
			name = "[CP] Copy Pods Resources";
			outputPaths = (
				"${TARGET_BUILD_DIR}/${UNLOCALIZED_RESOURCES_FOLDER_PATH}/GoogleMaps.bundle",
				"${TARGET_BUILD_DIR}/${UNLOCALIZED_RESOURCES_FOLDER_PATH}/GooglePlacePicker.bundle",
				"${TARGET_BUILD_DIR}/${UNLOCALIZED_RESOURCES_FOLDER_PATH}/GooglePlaces.bundle",
			);
			runOnlyForDeploymentPostprocessing = 0;
			shellPath = /bin/sh;
			shellScript = "\"${SRCROOT}/Pods/Target Support Files/Pods-SearchHospital-Tests-SearchHospitalTests/Pods-SearchHospital-Tests-SearchHospitalTests-resources.sh\"\n";
			showEnvVarsInLog = 0;
		};
/* End PBXShellScriptBuildPhase section */

/* Begin PBXSourcesBuildPhase section */
		2ED7163D20707DF800AB9F87 /* Sources */ = {
			isa = PBXSourcesBuildPhase;
			buildActionMask = 2147483647;
			files = (
				2E5410F6207F942800DB6417 /* MapRouter.swift in Sources */,
				2E5410FA207F942800DB6417 /* MapWorker.swift in Sources */,
				2E5410F9207F942800DB6417 /* MapModels.swift in Sources */,
				2ED7164520707DF800AB9F87 /* AppDelegate.swift in Sources */,
				2E5410F8207F942800DB6417 /* MapInteractor.swift in Sources */,
				2E5410F7207F942800DB6417 /* MapViewController.swift in Sources */,
				2E5410F5207F942800DB6417 /* MapPresenter.swift in Sources */,
				2E54110320888DB400DB6417 /* HospitalWorker.swift in Sources */,
				2E5411052088930A00DB6417 /* HospitalAPI.swift in Sources */,
				2E5410FE207FAA0600DB6417 /* R.generated.swift in Sources */,
			);
			runOnlyForDeploymentPostprocessing = 0;
		};
		2ED7165120707DF900AB9F87 /* Sources */ = {
			isa = PBXSourcesBuildPhase;
			buildActionMask = 2147483647;
			files = (
				2ED7165A20707DF900AB9F87 /* SearchHospitalTests.swift in Sources */,
			);
			runOnlyForDeploymentPostprocessing = 0;
		};
		2ED7165C20707DF900AB9F87 /* Sources */ = {
			isa = PBXSourcesBuildPhase;
			buildActionMask = 2147483647;
			files = (
				2ED7166520707DF900AB9F87 /* SearchHospitalUITests.swift in Sources */,
			);
			runOnlyForDeploymentPostprocessing = 0;
		};
/* End PBXSourcesBuildPhase section */

/* Begin PBXTargetDependency section */
		2ED7165720707DF900AB9F87 /* PBXTargetDependency */ = {
			isa = PBXTargetDependency;
			target = 2ED7164020707DF800AB9F87 /* SearchHospital */;
			targetProxy = 2ED7165620707DF900AB9F87 /* PBXContainerItemProxy */;
		};
		2ED7166220707DF900AB9F87 /* PBXTargetDependency */ = {
			isa = PBXTargetDependency;
			target = 2ED7164020707DF800AB9F87 /* SearchHospital */;
			targetProxy = 2ED7166120707DF900AB9F87 /* PBXContainerItemProxy */;
		};
/* End PBXTargetDependency section */

/* Begin PBXVariantGroup section */
		2ED7164820707DF800AB9F87 /* Main.storyboard */ = {
			isa = PBXVariantGroup;
			children = (
				2ED7164920707DF800AB9F87 /* Base */,
			);
			name = Main.storyboard;
			sourceTree = "<group>";
		};
		2ED7164D20707DF900AB9F87 /* LaunchScreen.storyboard */ = {
			isa = PBXVariantGroup;
			children = (
				2ED7164E20707DF900AB9F87 /* Base */,
			);
			name = LaunchScreen.storyboard;
			sourceTree = "<group>";
		};
/* End PBXVariantGroup section */

/* Begin XCBuildConfiguration section */
		2ED7166720707DF900AB9F87 /* Debug */ = {
			isa = XCBuildConfiguration;
			buildSettings = {
				ALWAYS_SEARCH_USER_PATHS = NO;
				CLANG_ANALYZER_NONNULL = YES;
				CLANG_ANALYZER_NUMBER_OBJECT_CONVERSION = YES_AGGRESSIVE;
				CLANG_CXX_LANGUAGE_STANDARD = "gnu++14";
				CLANG_CXX_LIBRARY = "libc++";
				CLANG_ENABLE_MODULES = YES;
				CLANG_ENABLE_OBJC_ARC = YES;
				CLANG_ENABLE_OBJC_WEAK = YES;
				CLANG_WARN_BLOCK_CAPTURE_AUTORELEASING = YES;
				CLANG_WARN_BOOL_CONVERSION = YES;
				CLANG_WARN_COMMA = YES;
				CLANG_WARN_CONSTANT_CONVERSION = YES;
				CLANG_WARN_DEPRECATED_OBJC_IMPLEMENTATIONS = YES;
				CLANG_WARN_DIRECT_OBJC_ISA_USAGE = YES_ERROR;
				CLANG_WARN_DOCUMENTATION_COMMENTS = YES;
				CLANG_WARN_EMPTY_BODY = YES;
				CLANG_WARN_ENUM_CONVERSION = YES;
				CLANG_WARN_INFINITE_RECURSION = YES;
				CLANG_WARN_INT_CONVERSION = YES;
				CLANG_WARN_NON_LITERAL_NULL_CONVERSION = YES;
				CLANG_WARN_OBJC_IMPLICIT_RETAIN_SELF = YES;
				CLANG_WARN_OBJC_LITERAL_CONVERSION = YES;
				CLANG_WARN_OBJC_ROOT_CLASS = YES_ERROR;
				CLANG_WARN_RANGE_LOOP_ANALYSIS = YES;
				CLANG_WARN_STRICT_PROTOTYPES = YES;
				CLANG_WARN_SUSPICIOUS_MOVE = YES;
				CLANG_WARN_UNGUARDED_AVAILABILITY = YES_AGGRESSIVE;
				CLANG_WARN_UNREACHABLE_CODE = YES;
				CLANG_WARN__DUPLICATE_METHOD_MATCH = YES;
				CODE_SIGN_IDENTITY = "iPhone Developer";
				COPY_PHASE_STRIP = NO;
				DEBUG_INFORMATION_FORMAT = dwarf;
				ENABLE_STRICT_OBJC_MSGSEND = YES;
				ENABLE_TESTABILITY = YES;
				GCC_C_LANGUAGE_STANDARD = gnu11;
				GCC_DYNAMIC_NO_PIC = NO;
				GCC_NO_COMMON_BLOCKS = YES;
				GCC_OPTIMIZATION_LEVEL = 0;
				GCC_PREPROCESSOR_DEFINITIONS = (
					"DEBUG=1",
					"$(inherited)",
				);
				GCC_WARN_64_TO_32_BIT_CONVERSION = YES;
				GCC_WARN_ABOUT_RETURN_TYPE = YES_ERROR;
				GCC_WARN_UNDECLARED_SELECTOR = YES;
				GCC_WARN_UNINITIALIZED_AUTOS = YES_AGGRESSIVE;
				GCC_WARN_UNUSED_FUNCTION = YES;
				GCC_WARN_UNUSED_VARIABLE = YES;
				IPHONEOS_DEPLOYMENT_TARGET = 11.3;
				MTL_ENABLE_DEBUG_INFO = YES;
				ONLY_ACTIVE_ARCH = YES;
				SDKROOT = iphoneos;
				SWIFT_ACTIVE_COMPILATION_CONDITIONS = DEBUG;
				SWIFT_OPTIMIZATION_LEVEL = "-Onone";
			};
			name = Debug;
		};
		2ED7166820707DF900AB9F87 /* Release */ = {
			isa = XCBuildConfiguration;
			buildSettings = {
				ALWAYS_SEARCH_USER_PATHS = NO;
				CLANG_ANALYZER_NONNULL = YES;
				CLANG_ANALYZER_NUMBER_OBJECT_CONVERSION = YES_AGGRESSIVE;
				CLANG_CXX_LANGUAGE_STANDARD = "gnu++14";
				CLANG_CXX_LIBRARY = "libc++";
				CLANG_ENABLE_MODULES = YES;
				CLANG_ENABLE_OBJC_ARC = YES;
				CLANG_ENABLE_OBJC_WEAK = YES;
				CLANG_WARN_BLOCK_CAPTURE_AUTORELEASING = YES;
				CLANG_WARN_BOOL_CONVERSION = YES;
				CLANG_WARN_COMMA = YES;
				CLANG_WARN_CONSTANT_CONVERSION = YES;
				CLANG_WARN_DEPRECATED_OBJC_IMPLEMENTATIONS = YES;
				CLANG_WARN_DIRECT_OBJC_ISA_USAGE = YES_ERROR;
				CLANG_WARN_DOCUMENTATION_COMMENTS = YES;
				CLANG_WARN_EMPTY_BODY = YES;
				CLANG_WARN_ENUM_CONVERSION = YES;
				CLANG_WARN_INFINITE_RECURSION = YES;
				CLANG_WARN_INT_CONVERSION = YES;
				CLANG_WARN_NON_LITERAL_NULL_CONVERSION = YES;
				CLANG_WARN_OBJC_IMPLICIT_RETAIN_SELF = YES;
				CLANG_WARN_OBJC_LITERAL_CONVERSION = YES;
				CLANG_WARN_OBJC_ROOT_CLASS = YES_ERROR;
				CLANG_WARN_RANGE_LOOP_ANALYSIS = YES;
				CLANG_WARN_STRICT_PROTOTYPES = YES;
				CLANG_WARN_SUSPICIOUS_MOVE = YES;
				CLANG_WARN_UNGUARDED_AVAILABILITY = YES_AGGRESSIVE;
				CLANG_WARN_UNREACHABLE_CODE = YES;
				CLANG_WARN__DUPLICATE_METHOD_MATCH = YES;
				CODE_SIGN_IDENTITY = "iPhone Developer";
				COPY_PHASE_STRIP = NO;
				DEBUG_INFORMATION_FORMAT = "dwarf-with-dsym";
				ENABLE_NS_ASSERTIONS = NO;
				ENABLE_STRICT_OBJC_MSGSEND = YES;
				GCC_C_LANGUAGE_STANDARD = gnu11;
				GCC_NO_COMMON_BLOCKS = YES;
				GCC_WARN_64_TO_32_BIT_CONVERSION = YES;
				GCC_WARN_ABOUT_RETURN_TYPE = YES_ERROR;
				GCC_WARN_UNDECLARED_SELECTOR = YES;
				GCC_WARN_UNINITIALIZED_AUTOS = YES_AGGRESSIVE;
				GCC_WARN_UNUSED_FUNCTION = YES;
				GCC_WARN_UNUSED_VARIABLE = YES;
				IPHONEOS_DEPLOYMENT_TARGET = 11.3;
				MTL_ENABLE_DEBUG_INFO = NO;
				SDKROOT = iphoneos;
				SWIFT_COMPILATION_MODE = wholemodule;
				SWIFT_OPTIMIZATION_LEVEL = "-O";
				VALIDATE_PRODUCT = YES;
			};
			name = Release;
		};
		2ED7166A20707DF900AB9F87 /* Debug */ = {
			isa = XCBuildConfiguration;
			baseConfigurationReference = B4DBD6B09D197F6E2DDC3D2C /* Pods-SearchHospital.debug.xcconfig */;
			buildSettings = {
				ALWAYS_EMBED_SWIFT_STANDARD_LIBRARIES = "$(inherited)";
				ASSETCATALOG_COMPILER_APPICON_NAME = AppIcon;
				CODE_SIGN_STYLE = Automatic;
				DEVELOPMENT_TEAM = 6J4XG67E62;
				INFOPLIST_FILE = SearchHospital/Info.plist;
				LD_RUNPATH_SEARCH_PATHS = (
					"$(inherited)",
					"@executable_path/Frameworks",
				);
				PRODUCT_BUNDLE_IDENTIFIER = com.kato.SearchHospital;
				PRODUCT_NAME = "$(TARGET_NAME)";
				SWIFT_VERSION = 4.0;
				TARGETED_DEVICE_FAMILY = "1,2";
			};
			name = Debug;
		};
		2ED7166B20707DF900AB9F87 /* Release */ = {
			isa = XCBuildConfiguration;
			baseConfigurationReference = 7B77CEA6D4B6C5A5BB92C1FF /* Pods-SearchHospital.release.xcconfig */;
			buildSettings = {
				ALWAYS_EMBED_SWIFT_STANDARD_LIBRARIES = "$(inherited)";
				ASSETCATALOG_COMPILER_APPICON_NAME = AppIcon;
				CODE_SIGN_STYLE = Automatic;
				DEVELOPMENT_TEAM = 6J4XG67E62;
				INFOPLIST_FILE = SearchHospital/Info.plist;
				LD_RUNPATH_SEARCH_PATHS = (
					"$(inherited)",
					"@executable_path/Frameworks",
				);
				PRODUCT_BUNDLE_IDENTIFIER = com.kato.SearchHospital;
				PRODUCT_NAME = "$(TARGET_NAME)";
				SWIFT_VERSION = 4.0;
				TARGETED_DEVICE_FAMILY = "1,2";
			};
			name = Release;
		};
		2ED7166D20707DF900AB9F87 /* Debug */ = {
			isa = XCBuildConfiguration;
			baseConfigurationReference = B024837FBB7E5FAD0245D874 /* Pods-SearchHospital-Tests-SearchHospitalTests.debug.xcconfig */;
			buildSettings = {
				ALWAYS_EMBED_SWIFT_STANDARD_LIBRARIES = "$(inherited)";
				BUNDLE_LOADER = "$(TEST_HOST)";
				CODE_SIGN_STYLE = Automatic;
				DEVELOPMENT_TEAM = 6J4XG67E62;
				INFOPLIST_FILE = SearchHospitalTests/Info.plist;
				LD_RUNPATH_SEARCH_PATHS = (
					"$(inherited)",
					"@executable_path/Frameworks",
					"@loader_path/Frameworks",
				);
				PRODUCT_BUNDLE_IDENTIFIER = com.kato.SearchHospitalTests;
				PRODUCT_NAME = "$(TARGET_NAME)";
				SWIFT_VERSION = 4.0;
				TARGETED_DEVICE_FAMILY = "1,2";
				TEST_HOST = "$(BUILT_PRODUCTS_DIR)/SearchHospital.app/SearchHospital";
			};
			name = Debug;
		};
		2ED7166E20707DF900AB9F87 /* Release */ = {
			isa = XCBuildConfiguration;
			baseConfigurationReference = 6CE3A471C7E0CC0ED2AEC7CB /* Pods-SearchHospital-Tests-SearchHospitalTests.release.xcconfig */;
			buildSettings = {
				ALWAYS_EMBED_SWIFT_STANDARD_LIBRARIES = "$(inherited)";
				BUNDLE_LOADER = "$(TEST_HOST)";
				CODE_SIGN_STYLE = Automatic;
				DEVELOPMENT_TEAM = 6J4XG67E62;
				INFOPLIST_FILE = SearchHospitalTests/Info.plist;
				LD_RUNPATH_SEARCH_PATHS = (
					"$(inherited)",
					"@executable_path/Frameworks",
					"@loader_path/Frameworks",
				);
				PRODUCT_BUNDLE_IDENTIFIER = com.kato.SearchHospitalTests;
				PRODUCT_NAME = "$(TARGET_NAME)";
				SWIFT_VERSION = 4.0;
				TARGETED_DEVICE_FAMILY = "1,2";
				TEST_HOST = "$(BUILT_PRODUCTS_DIR)/SearchHospital.app/SearchHospital";
			};
			name = Release;
		};
		2ED7167020707DF900AB9F87 /* Debug */ = {
			isa = XCBuildConfiguration;
			baseConfigurationReference = 8121320BD869358FEF3D4A34 /* Pods-SearchHospital-Tests-SearchHospitalUITests.debug.xcconfig */;
			buildSettings = {
				ALWAYS_EMBED_SWIFT_STANDARD_LIBRARIES = "$(inherited)";
				CODE_SIGN_STYLE = Automatic;
				DEVELOPMENT_TEAM = 6J4XG67E62;
				INFOPLIST_FILE = SearchHospitalUITests/Info.plist;
				LD_RUNPATH_SEARCH_PATHS = (
					"$(inherited)",
					"@executable_path/Frameworks",
					"@loader_path/Frameworks",
				);
				PRODUCT_BUNDLE_IDENTIFIER = com.kato.SearchHospitalUITests;
				PRODUCT_NAME = "$(TARGET_NAME)";
				SWIFT_VERSION = 4.0;
				TARGETED_DEVICE_FAMILY = "1,2";
				TEST_TARGET_NAME = SearchHospital;
			};
			name = Debug;
		};
		2ED7167120707DF900AB9F87 /* Release */ = {
			isa = XCBuildConfiguration;
			baseConfigurationReference = 6BF5F6E42611D44B1372A565 /* Pods-SearchHospital-Tests-SearchHospitalUITests.release.xcconfig */;
			buildSettings = {
				ALWAYS_EMBED_SWIFT_STANDARD_LIBRARIES = "$(inherited)";
				CODE_SIGN_STYLE = Automatic;
				DEVELOPMENT_TEAM = 6J4XG67E62;
				INFOPLIST_FILE = SearchHospitalUITests/Info.plist;
				LD_RUNPATH_SEARCH_PATHS = (
					"$(inherited)",
					"@executable_path/Frameworks",
					"@loader_path/Frameworks",
				);
				PRODUCT_BUNDLE_IDENTIFIER = com.kato.SearchHospitalUITests;
				PRODUCT_NAME = "$(TARGET_NAME)";
				SWIFT_VERSION = 4.0;
				TARGETED_DEVICE_FAMILY = "1,2";
				TEST_TARGET_NAME = SearchHospital;
			};
			name = Release;
		};
/* End XCBuildConfiguration section */

/* Begin XCConfigurationList section */
		2ED7163C20707DF800AB9F87 /* Build configuration list for PBXProject "SearchHospital" */ = {
			isa = XCConfigurationList;
			buildConfigurations = (
				2ED7166720707DF900AB9F87 /* Debug */,
				2ED7166820707DF900AB9F87 /* Release */,
			);
			defaultConfigurationIsVisible = 0;
			defaultConfigurationName = Release;
		};
		2ED7166920707DF900AB9F87 /* Build configuration list for PBXNativeTarget "SearchHospital" */ = {
			isa = XCConfigurationList;
			buildConfigurations = (
				2ED7166A20707DF900AB9F87 /* Debug */,
				2ED7166B20707DF900AB9F87 /* Release */,
			);
			defaultConfigurationIsVisible = 0;
			defaultConfigurationName = Release;
		};
		2ED7166C20707DF900AB9F87 /* Build configuration list for PBXNativeTarget "SearchHospitalTests" */ = {
			isa = XCConfigurationList;
			buildConfigurations = (
				2ED7166D20707DF900AB9F87 /* Debug */,
				2ED7166E20707DF900AB9F87 /* Release */,
			);
			defaultConfigurationIsVisible = 0;
			defaultConfigurationName = Release;
		};
		2ED7166F20707DF900AB9F87 /* Build configuration list for PBXNativeTarget "SearchHospitalUITests" */ = {
			isa = XCConfigurationList;
			buildConfigurations = (
				2ED7167020707DF900AB9F87 /* Debug */,
				2ED7167120707DF900AB9F87 /* Release */,
			);
			defaultConfigurationIsVisible = 0;
			defaultConfigurationName = Release;
		};
/* End XCConfigurationList section */
	};
	rootObject = 2ED7163920707DF800AB9F87 /* Project object */;
}
